
Microsoft Visual Studio Solution File, Format Version 12.00
# Visual Studio Version 16
VisualStudioVersion = 16.0.30320.27
MinimumVisualStudioVersion = 10.0.40219.1
Project("{FAE04EC0-301F-11D3-BF4B-00C04F79EFBC}") = "DesignPatternsDemo", "DesignPatternsDemo\DesignPatternsDemo.csproj", "{BE096D69-524F-43F7-BF13-0075BCA54379}"
EndProject
Global
	GlobalSection(SolutionConfigurationPlatforms) = preSolution
		Debug|Any CPU = Debug|Any CPU
		Release|Any CPU = Release|Any CPU
	EndGlobalSection
	GlobalSection(ProjectConfigurationPlatforms) = postSolution
		{BE096D69-524F-43F7-BF13-0075BCA54379}.Debug|Any CPU.ActiveCfg = Debug|Any CPU
		{BE096D69-524F-43F7-BF13-0075BCA54379}.Debug|Any CPU.Build.0 = Debug|Any CPU
		{BE096D69-524F-43F7-BF13-0075BCA54379}.Release|Any CPU.ActiveCfg = Release|Any CPU
		{BE096D69-524F-43F7-BF13-0075BCA54379}.Release|Any CPU.Build.0 = Release|Any CPU
	EndGlobalSection
	GlobalSection(SolutionProperties) = preSolution
		HideSolutionNode = FALSE
	EndGlobalSection
	GlobalSection(ExtensibilityGlobals) = postSolution
		SolutionGuid = {934F834F-10B4-482C-AC8E-B32A0DA3FDB2}
	EndGlobalSection
EndGlobal
